
Microsoft Visual Studio Solution File, Format Version 11.00
# Visual Studio 2010
Project("{FAE04EC0-301F-11D3-BF4B-00C04F79EFBC}") = "RoutineTest", "RoutineTest\RoutineTest.csproj", "{F4A9B747-818A-42B5-B128-DDACB953724C}"
EndProject
Project("{FAE04EC0-301F-11D3-BF4B-00C04F79EFBC}") = "WebTest", "WebTest\WebTest.csproj", "{2151D6C9-0B0E-4BF6-83A4-BE3F9683DD7C}"
EndProject
Project("{FAE04EC0-301F-11D3-BF4B-00C04F79EFBC}") = "Common", "Common\Common.csproj", "{55EC85D6-666C-4157-BAB3-225AD609DB86}"
EndProject
Project("{FAE04EC0-301F-11D3-BF4B-00C04F79EFBC}") = "WindowsFormsTest", "WindowsFormsTest\WindowsFormsTest.csproj", "{CCEB78A2-25D4-4F93-952B-F86146782A30}"
EndProject
Global
	GlobalSection(SolutionConfigurationPlatforms) = preSolution
		Debug|Any CPU = Debug|Any CPU
		Debug|Mixed Platforms = Debug|Mixed Platforms
		Debug|x86 = Debug|x86
		Release|Any CPU = Release|Any CPU
		Release|Mixed Platforms = Release|Mixed Platforms
		Release|x86 = Release|x86
	EndGlobalSection
	GlobalSection(ProjectConfigurationPlatforms) = postSolution
		{F4A9B747-818A-42B5-B128-DDACB953724C}.Debug|Any CPU.ActiveCfg = Debug|x86
		{F4A9B747-818A-42B5-B128-DDACB953724C}.Debug|Mixed Platforms.ActiveCfg = Debug|x86
		{F4A9B747-818A-42B5-B128-DDACB953724C}.Debug|Mixed Platforms.Build.0 = Debug|x86
		{F4A9B747-818A-42B5-B128-DDACB953724C}.Debug|x86.ActiveCfg = Debug|x86
		{F4A9B747-818A-42B5-B128-DDACB953724C}.Debug|x86.Build.0 = Debug|x86
		{F4A9B747-818A-42B5-B128-DDACB953724C}.Release|Any CPU.ActiveCfg = Release|x86
		{F4A9B747-818A-42B5-B128-DDACB953724C}.Release|Mixed Platforms.ActiveCfg = Release|x86
		{F4A9B747-818A-42B5-B128-DDACB953724C}.Release|Mixed Platforms.Build.0 = Release|x86
		{F4A9B747-818A-42B5-B128-DDACB953724C}.Release|x86.ActiveCfg = Release|x86
		{F4A9B747-818A-42B5-B128-DDACB953724C}.Release|x86.Build.0 = Release|x86
		{2151D6C9-0B0E-4BF6-83A4-BE3F9683DD7C}.Debug|Any CPU.ActiveCfg = Debug|Any CPU
		{2151D6C9-0B0E-4BF6-83A4-BE3F9683DD7C}.Debug|Any CPU.Build.0 = Debug|Any CPU
		{2151D6C9-0B0E-4BF6-83A4-BE3F9683DD7C}.Debug|Mixed Platforms.ActiveCfg = Debug|Any CPU
		{2151D6C9-0B0E-4BF6-83A4-BE3F9683DD7C}.Debug|Mixed Platforms.Build.0 = Debug|Any CPU
		{2151D6C9-0B0E-4BF6-83A4-BE3F9683DD7C}.Debug|x86.ActiveCfg = Debug|Any CPU
		{2151D6C9-0B0E-4BF6-83A4-BE3F9683DD7C}.Release|Any CPU.ActiveCfg = Release|Any CPU
		{2151D6C9-0B0E-4BF6-83A4-BE3F9683DD7C}.Release|Any CPU.Build.0 = Release|Any CPU
		{2151D6C9-0B0E-4BF6-83A4-BE3F9683DD7C}.Release|Mixed Platforms.ActiveCfg = Release|Any CPU
		{2151D6C9-0B0E-4BF6-83A4-BE3F9683DD7C}.Release|Mixed Platforms.Build.0 = Release|Any CPU
		{2151D6C9-0B0E-4BF6-83A4-BE3F9683DD7C}.Release|x86.ActiveCfg = Release|Any CPU
		{55EC85D6-666C-4157-BAB3-225AD609DB86}.Debug|Any CPU.ActiveCfg = Debug|Any CPU
		{55EC85D6-666C-4157-BAB3-225AD609DB86}.Debug|Any CPU.Build.0 = Debug|Any CPU
		{55EC85D6-666C-4157-BAB3-225AD609DB86}.Debug|Mixed Platforms.ActiveCfg = Debug|Any CPU
		{55EC85D6-666C-4157-BAB3-225AD609DB86}.Debug|Mixed Platforms.Build.0 = Debug|Any CPU
		{55EC85D6-666C-4157-BAB3-225AD609DB86}.Debug|x86.ActiveCfg = Debug|Any CPU
		{55EC85D6-666C-4157-BAB3-225AD609DB86}.Release|Any CPU.ActiveCfg = Release|Any CPU
		{55EC85D6-666C-4157-BAB3-225AD609DB86}.Release|Any CPU.Build.0 = Release|Any CPU
		{55EC85D6-666C-4157-BAB3-225AD609DB86}.Release|Mixed Platforms.ActiveCfg = Release|Any CPU
		{55EC85D6-666C-4157-BAB3-225AD609DB86}.Release|Mixed Platforms.Build.0 = Release|Any CPU
		{55EC85D6-666C-4157-BAB3-225AD609DB86}.Release|x86.ActiveCfg = Release|Any CPU
		{CCEB78A2-25D4-4F93-952B-F86146782A30}.Debug|Any CPU.ActiveCfg = Debug|x86
		{CCEB78A2-25D4-4F93-952B-F86146782A30}.Debug|Mixed Platforms.ActiveCfg = Debug|x86
		{CCEB78A2-25D4-4F93-952B-F86146782A30}.Debug|Mixed Platforms.Build.0 = Debug|x86
		{CCEB78A2-25D4-4F93-952B-F86146782A30}.Debug|x86.ActiveCfg = Debug|x86
		{CCEB78A2-25D4-4F93-952B-F86146782A30}.Debug|x86.Build.0 = Debug|x86
		{CCEB78A2-25D4-4F93-952B-F86146782A30}.Release|Any CPU.ActiveCfg = Release|x86
		{CCEB78A2-25D4-4F93-952B-F86146782A30}.Release|Mixed Platforms.ActiveCfg = Release|x86
		{CCEB78A2-25D4-4F93-952B-F86146782A30}.Release|Mixed Platforms.Build.0 = Release|x86
		{CCEB78A2-25D4-4F93-952B-F86146782A30}.Release|x86.ActiveCfg = Release|x86
		{CCEB78A2-25D4-4F93-952B-F86146782A30}.Release|x86.Build.0 = Release|x86
	EndGlobalSection
	GlobalSection(SolutionProperties) = preSolution
		HideSolutionNode = FALSE
	EndGlobalSection
EndGlobal
